
Microsoft Visual Studio Solution File, Format Version 12.00
# Visual Studio Version 17
VisualStudioVersion = 17.9.34723.18
MinimumVisualStudioVersion = 10.0.40219.1
Project("{FAE04EC0-301F-11D3-BF4B-00C04F79EFBC}") = "ExamenMvcPersonajesMauricio", "ExamenMvcPersonajesMauricio\ExamenMvcPersonajesMauricio.csproj", "{BC86CD8F-6F84-4FB4-A8F6-760B41083851}"
EndProject
Global
	GlobalSection(SolutionConfigurationPlatforms) = preSolution
		Debug|Any CPU = Debug|Any CPU
		Release|Any CPU = Release|Any CPU
	EndGlobalSection
	GlobalSection(ProjectConfigurationPlatforms) = postSolution
		{BC86CD8F-6F84-4FB4-A8F6-760B41083851}.Debug|Any CPU.ActiveCfg = Debug|Any CPU
		{BC86CD8F-6F84-4FB4-A8F6-760B41083851}.Debug|Any CPU.Build.0 = Debug|Any CPU
		{BC86CD8F-6F84-4FB4-A8F6-760B41083851}.Release|Any CPU.ActiveCfg = Release|Any CPU
		{BC86CD8F-6F84-4FB4-A8F6-760B41083851}.Release|Any CPU.Build.0 = Release|Any CPU
	EndGlobalSection
	GlobalSection(SolutionProperties) = preSolution
		HideSolutionNode = FALSE
	EndGlobalSection
	GlobalSection(ExtensibilityGlobals) = postSolution
		SolutionGuid = {D4AEE6AC-FF17-4CE1-AF8E-D84282DEC44A}
	EndGlobalSection
EndGlobal
